// !$*UTF8*$!
{
	archiveVersion = 1;
	classes = {
	};
	objectVersion = 55;
	objects = {

/* Begin PBXBuildFile section */
		72A60D1D2950623F00F0952D /* AppDelegate.swift in Sources */ = {isa = PBXBuildFile; fileRef = 72A60D1C2950623F00F0952D /* AppDelegate.swift */; };
		72A60D1F2950623F00F0952D /* SceneDelegate.swift in Sources */ = {isa = PBXBuildFile; fileRef = 72A60D1E2950623F00F0952D /* SceneDelegate.swift */; };
		72A60D212950623F00F0952D /* ViewController.swift in Sources */ = {isa = PBXBuildFile; fileRef = 72A60D202950623F00F0952D /* ViewController.swift */; };
		72A60D242950623F00F0952D /* Main.storyboard in Resources */ = {isa = PBXBuildFile; fileRef = 72A60D222950623F00F0952D /* Main.storyboard */; };
		72A60D262950624000F0952D /* Assets.xcassets in Resources */ = {isa = PBXBuildFile; fileRef = 72A60D252950624000F0952D /* Assets.xcassets */; };
		72A60D292950624000F0952D /* LaunchScreen.storyboard in Resources */ = {isa = PBXBuildFile; fileRef = 72A60D272950624000F0952D /* LaunchScreen.storyboard */; };
		72A60D392950630A00F0952D /* KeyboardObserver.swift in Sources */ = {isa = PBXBuildFile; fileRef = 72A60D322950630A00F0952D /* KeyboardObserver.swift */; };
		72A60D3A2950630A00F0952D /* ToastWindow.swift in Sources */ = {isa = PBXBuildFile; fileRef = 72A60D332950630A00F0952D /* ToastWindow.swift */; };
		72A60D3B2950630A00F0952D /* UIApplication+Load.swift in Sources */ = {isa = PBXBuildFile; fileRef = 72A60D342950630A00F0952D /* UIApplication+Load.swift */; };
		72A60D3C2950630A00F0952D /* ToastCenter.swift in Sources */ = {isa = PBXBuildFile; fileRef = 72A60D352950630A00F0952D /* ToastCenter.swift */; };
		72A60D3D2950630A00F0952D /* ToastManager.swift in Sources */ = {isa = PBXBuildFile; fileRef = 72A60D362950630A00F0952D /* ToastManager.swift */; };
		72A60D3E2950630A00F0952D /* ToastView.swift in Sources */ = {isa = PBXBuildFile; fileRef = 72A60D372950630A00F0952D /* ToastView.swift */; };
		72A60D3F2950630A00F0952D /* Toast.swift in Sources */ = {isa = PBXBuildFile; fileRef = 72A60D382950630A00F0952D /* Toast.swift */; };
/* End PBXBuildFile section */

/* Begin PBXFileReference section */
		72A60D192950623F00F0952D /* ToastManager.app */ = {isa = PBXFileReference; explicitFileType = wrapper.application; includeInIndex = 0; path = ToastManager.app; sourceTree = BUILT_PRODUCTS_DIR; };
		72A60D1C2950623F00F0952D /* AppDelegate.swift */ = {isa = PBXFileReference; lastKnownFileType = sourcecode.swift; path = AppDelegate.swift; sourceTree = "<group>"; };
		72A60D1E2950623F00F0952D /* SceneDelegate.swift */ = {isa = PBXFileReference; lastKnownFileType = sourcecode.swift; path = SceneDelegate.swift; sourceTree = "<group>"; };
		72A60D202950623F00F0952D /* ViewController.swift */ = {isa = PBXFileReference; lastKnownFileType = sourcecode.swift; path = ViewController.swift; sourceTree = "<group>"; };
		72A60D232950623F00F0952D /* Base */ = {isa = PBXFileReference; lastKnownFileType = file.storyboard; name = Base; path = Base.lproj/Main.storyboard; sourceTree = "<group>"; };
		72A60D252950624000F0952D /* Assets.xcassets */ = {isa = PBXFileReference; lastKnownFileType = folder.assetcatalog; path = Assets.xcassets; sourceTree = "<group>"; };
		72A60D282950624000F0952D /* Base */ = {isa = PBXFileReference; lastKnownFileType = file.storyboard; name = Base; path = Base.lproj/LaunchScreen.storyboard; sourceTree = "<group>"; };
		72A60D2A2950624000F0952D /* Info.plist */ = {isa = PBXFileReference; lastKnownFileType = text.plist.xml; path = Info.plist; sourceTree = "<group>"; };
		72A60D312950630A00F0952D /* Toaster.h */ = {isa = PBXFileReference; fileEncoding = 4; lastKnownFileType = sourcecode.c.h; path = Toaster.h; sourceTree = "<group>"; };
		72A60D322950630A00F0952D /* KeyboardObserver.swift */ = {isa = PBXFileReference; fileEncoding = 4; lastKnownFileType = sourcecode.swift; path = KeyboardObserver.swift; sourceTree = "<group>"; };
		72A60D332950630A00F0952D /* ToastWindow.swift */ = {isa = PBXFileReference; fileEncoding = 4; lastKnownFileType = sourcecode.swift; path = ToastWindow.swift; sourceTree = "<group>"; };
		72A60D342950630A00F0952D /* UIApplication+Load.swift */ = {isa = PBXFileReference; fileEncoding = 4; lastKnownFileType = sourcecode.swift; path = "UIApplication+Load.swift"; sourceTree = "<group>"; };
		72A60D352950630A00F0952D /* ToastCenter.swift */ = {isa = PBXFileReference; fileEncoding = 4; lastKnownFileType = sourcecode.swift; path = ToastCenter.swift; sourceTree = "<group>"; };
		72A60D362950630A00F0952D /* ToastManager.swift */ = {isa = PBXFileReference; fileEncoding = 4; lastKnownFileType = sourcecode.swift; path = ToastManager.swift; sourceTree = "<group>"; };
		72A60D372950630A00F0952D /* ToastView.swift */ = {isa = PBXFileReference; fileEncoding = 4; lastKnownFileType = sourcecode.swift; path = ToastView.swift; sourceTree = "<group>"; };
		72A60D382950630A00F0952D /* Toast.swift */ = {isa = PBXFileReference; fileEncoding = 4; lastKnownFileType = sourcecode.swift; path = Toast.swift; sourceTree = "<group>"; };
/* End PBXFileReference section */

/* Begin PBXFrameworksBuildPhase section */
		72A60D162950623F00F0952D /* Frameworks */ = {
			isa = PBXFrameworksBuildPhase;
			buildActionMask = 2147483647;
			files = (
			);
			runOnlyForDeploymentPostprocessing = 0;
		};
/* End PBXFrameworksBuildPhase section */

/* Begin PBXGroup section */
		72A60D102950623F00F0952D = {
			isa = PBXGroup;
			children = (
				72A60D1B2950623F00F0952D /* ToastManager */,
				72A60D1A2950623F00F0952D /* Products */,
			);
			sourceTree = "<group>";
		};
		72A60D1A2950623F00F0952D /* Products */ = {
			isa = PBXGroup;
			children = (
				72A60D192950623F00F0952D /* ToastManager.app */,
			);
			name = Products;
			sourceTree = "<group>";
		};
		72A60D1B2950623F00F0952D /* ToastManager */ = {
			isa = PBXGroup;
			children = (
				72A60D30295062E300F0952D /* Sources */,
				72A60D1C2950623F00F0952D /* AppDelegate.swift */,
				72A60D1E2950623F00F0952D /* SceneDelegate.swift */,
				72A60D202950623F00F0952D /* ViewController.swift */,
				72A60D222950623F00F0952D /* Main.storyboard */,
				72A60D252950624000F0952D /* Assets.xcassets */,
				72A60D272950624000F0952D /* LaunchScreen.storyboard */,
				72A60D2A2950624000F0952D /* Info.plist */,
			);
			path = ToastManager;
			sourceTree = "<group>";
		};
		72A60D30295062E300F0952D /* Sources */ = {
			isa = PBXGroup;
			children = (
				72A60D322950630A00F0952D /* KeyboardObserver.swift */,
				72A60D382950630A00F0952D /* Toast.swift */,
				72A60D352950630A00F0952D /* ToastCenter.swift */,
				72A60D312950630A00F0952D /* Toaster.h */,
				72A60D362950630A00F0952D /* ToastManager.swift */,
				72A60D372950630A00F0952D /* ToastView.swift */,
				72A60D332950630A00F0952D /* ToastWindow.swift */,
				72A60D342950630A00F0952D /* UIApplication+Load.swift */,
			);
			path = Sources;
			sourceTree = "<group>";
		};
/* End PBXGroup section */

/* Begin PBXNativeTarget section */
		72A60D182950623F00F0952D /* ToastManager */ = {
			isa = PBXNativeTarget;
			buildConfigurationList = 72A60D2D2950624000F0952D /* Build configuration list for PBXNativeTarget "ToastManager" */;
			buildPhases = (
				72A60D152950623F00F0952D /* Sources */,
				72A60D162950623F00F0952D /* Frameworks */,
				72A60D172950623F00F0952D /* Resources */,
			);
			buildRules = (
			);
			dependencies = (
			);
			name = ToastManager;
			productName = ToastManager;
			productReference = 72A60D192950623F00F0952D /* ToastManager.app */;
			productType = "com.apple.product-type.application";
		};
/* End PBXNativeTarget section */

/* Begin PBXProject section */
		72A60D112950623F00F0952D /* Project object */ = {
			isa = PBXProject;
			attributes = {
				BuildIndependentTargetsInParallel = 1;
				LastSwiftUpdateCheck = 1310;
				LastUpgradeCheck = 1310;
				TargetAttributes = {
					72A60D182950623F00F0952D = {
						CreatedOnToolsVersion = 13.1;
					};
				};
			};
			buildConfigurationList = 72A60D142950623F00F0952D /* Build configuration list for PBXProject "ToastManager" */;
			compatibilityVersion = "Xcode 13.0";
			developmentRegion = en;
			hasScannedForEncodings = 0;
			knownRegions = (
				en,
				Base,
			);
			mainGroup = 72A60D102950623F00F0952D;
			productRefGroup = 72A60D1A2950623F00F0952D /* Products */;
			projectDirPath = "";
			projectRoot = "";
			targets = (
				72A60D182950623F00F0952D /* ToastManager */,
			);
		};
/* End PBXProject section */

/* Begin PBXResourcesBuildPhase section */
		72A60D172950623F00F0952D /* Resources */ = {
			isa = PBXResourcesBuildPhase;
			buildActionMask = 2147483647;
			files = (
				72A60D292950624000F0952D /* LaunchScreen.storyboard in Resources */,
				72A60D262950624000F0952D /* Assets.xcassets in Resources */,
				72A60D242950623F00F0952D /* Main.storyboard in Resources */,
			);
			runOnlyForDeploymentPostprocessing = 0;
		};
/* End PBXResourcesBuildPhase section */

/* Begin PBXSourcesBuildPhase section */
		72A60D152950623F00F0952D /* Sources */ = {
			isa = PBXSourcesBuildPhase;
			buildActionMask = 2147483647;
			files = (
				72A60D212950623F00F0952D /* ViewController.swift in Sources */,
				72A60D1D2950623F00F0952D /* AppDelegate.swift in Sources */,
				72A60D3C2950630A00F0952D /* ToastCenter.swift in Sources */,
				72A60D3D2950630A00F0952D /* ToastManager.swift in Sources */,
				72A60D3B2950630A00F0952D /* UIApplication+Load.swift in Sources */,
				72A60D392950630A00F0952D /* KeyboardObserver.swift in Sources */,
				72A60D1F2950623F00F0952D /* SceneDelegate.swift in Sources */,
				72A60D3F2950630A00F0952D /* Toast.swift in Sources */,
				72A60D3E2950630A00F0952D /* ToastView.swift in Sources */,
				72A60D3A2950630A00F0952D /* ToastWindow.swift in Sources */,
			);
			runOnlyForDeploymentPostprocessing = 0;
		};
/* End PBXSourcesBuildPhase section */

/* Begin PBXVariantGroup section */
		72A60D222950623F00F0952D /* Main.storyboard */ = {
			isa = PBXVariantGroup;
			children = (
				72A60D232950623F00F0952D /* Base */,
			);
			name = Main.storyboard;
			sourceTree = "<group>";
		};
		72A60D272950624000F0952D /* LaunchScreen.storyboard */ = {
			isa = PBXVariantGroup;
			children = (
				72A60D282950624000F0952D /* Base */,
			);
			name = LaunchScreen.storyboard;
			sourceTree = "<group>";
		};
/* End PBXVariantGroup section */

/* Begin XCBuildConfiguration section */
		72A60D2B2950624000F0952D /* Debug */ = {
			isa = XCBuildConfiguration;
			buildSettings = {
				ALWAYS_SEARCH_USER_PATHS = NO;
				CLANG_ANALYZER_NONNULL = YES;
				CLANG_ANALYZER_NUMBER_OBJECT_CONVERSION = YES_AGGRESSIVE;
				CLANG_CXX_LANGUAGE_STANDARD = "gnu++17";
				CLANG_CXX_LIBRARY = "libc++";
				CLANG_ENABLE_MODULES = YES;
				CLANG_ENABLE_OBJC_ARC = YES;
				CLANG_ENABLE_OBJC_WEAK = YES;
				CLANG_WARN_BLOCK_CAPTURE_AUTORELEASING = YES;
				CLANG_WARN_BOOL_CONVERSION = YES;
				CLANG_WARN_COMMA = YES;
				CLANG_WARN_CONSTANT_CONVERSION = YES;
				CLANG_WARN_DEPRECATED_OBJC_IMPLEMENTATIONS = YES;
				CLANG_WARN_DIRECT_OBJC_ISA_USAGE = YES_ERROR;
				CLANG_WARN_DOCUMENTATION_COMMENTS = YES;
				CLANG_WARN_EMPTY_BODY = YES;
				CLANG_WARN_ENUM_CONVERSION = YES;
				CLANG_WARN_INFINITE_RECURSION = YES;
				CLANG_WARN_INT_CONVERSION = YES;
				CLANG_WARN_NON_LITERAL_NULL_CONVERSION = YES;
				CLANG_WARN_OBJC_IMPLICIT_RETAIN_SELF = YES;
				CLANG_WARN_OBJC_LITERAL_CONVERSION = YES;
				CLANG_WARN_OBJC_ROOT_CLASS = YES_ERROR;
				CLANG_WARN_QUOTED_INCLUDE_IN_FRAMEWORK_HEADER = YES;
				CLANG_WARN_RANGE_LOOP_ANALYSIS = YES;
				CLANG_WARN_STRICT_PROTOTYPES = YES;
				CLANG_WARN_SUSPICIOUS_MOVE = YES;
				CLANG_WARN_UNGUARDED_AVAILABILITY = YES_AGGRESSIVE;
				CLANG_WARN_UNREACHABLE_CODE = YES;
				CLANG_WARN__DUPLICATE_METHOD_MATCH = YES;
				COPY_PHASE_STRIP = NO;
				DEBUG_INFORMATION_FORMAT = dwarf;
				ENABLE_STRICT_OBJC_MSGSEND = YES;
				ENABLE_TESTABILITY = YES;
				GCC_C_LANGUAGE_STANDARD = gnu11;
				GCC_DYNAMIC_NO_PIC = NO;
				GCC_NO_COMMON_BLOCKS = YES;
				GCC_OPTIMIZATION_LEVEL = 0;
				GCC_PREPROCESSOR_DEFINITIONS = (
					"DEBUG=1",
					"$(inherited)",
				);
				GCC_WARN_64_TO_32_BIT_CONVERSION = YES;
				GCC_WARN_ABOUT_RETURN_TYPE = YES_ERROR;
				GCC_WARN_UNDECLARED_SELECTOR = YES;
				GCC_WARN_UNINITIALIZED_AUTOS = YES_AGGRESSIVE;
				GCC_WARN_UNUSED_FUNCTION = YES;
				GCC_WARN_UNUSED_VARIABLE = YES;
				IPHONEOS_DEPLOYMENT_TARGET = 15.0;
				MTL_ENABLE_DEBUG_INFO = INCLUDE_SOURCE;
				MTL_FAST_MATH = YES;
				ONLY_ACTIVE_ARCH = YES;
				SDKROOT = iphoneos;
				SWIFT_ACTIVE_COMPILATION_CONDITIONS = DEBUG;
				SWIFT_OPTIMIZATION_LEVEL = "-Onone";
			};
			name = Debug;
		};
		72A60D2C2950624000F0952D /* Release */ = {
			isa = XCBuildConfiguration;
			buildSettings = {
				ALWAYS_SEARCH_USER_PATHS = NO;
				CLANG_ANALYZER_NONNULL = YES;
				CLANG_ANALYZER_NUMBER_OBJECT_CONVERSION = YES_AGGRESSIVE;
				CLANG_CXX_LANGUAGE_STANDARD = "gnu++17";
				CLANG_CXX_LIBRARY = "libc++";
				CLANG_ENABLE_MODULES = YES;
				CLANG_ENABLE_OBJC_ARC = YES;
				CLANG_ENABLE_OBJC_WEAK = YES;
				CLANG_WARN_BLOCK_CAPTURE_AUTORELEASING = YES;
				CLANG_WARN_BOOL_CONVERSION = YES;
				CLANG_WARN_COMMA = YES;
				CLANG_WARN_CONSTANT_CONVERSION = YES;
				CLANG_WARN_DEPRECATED_OBJC_IMPLEMENTATIONS = YES;
				CLANG_WARN_DIRECT_OBJC_ISA_USAGE = YES_ERROR;
				CLANG_WARN_DOCUMENTATION_COMMENTS = YES;
				CLANG_WARN_EMPTY_BODY = YES;
				CLANG_WARN_ENUM_CONVERSION = YES;
				CLANG_WARN_INFINITE_RECURSION = YES;
				CLANG_WARN_INT_CONVERSION = YES;
				CLANG_WARN_NON_LITERAL_NULL_CONVERSION = YES;
				CLANG_WARN_OBJC_IMPLICIT_RETAIN_SELF = YES;
				CLANG_WARN_OBJC_LITERAL_CONVERSION = YES;
				CLANG_WARN_OBJC_ROOT_CLASS = YES_ERROR;
				CLANG_WARN_QUOTED_INCLUDE_IN_FRAMEWORK_HEADER = YES;
				CLANG_WARN_RANGE_LOOP_ANALYSIS = YES;
				CLANG_WARN_STRICT_PROTOTYPES = YES;
				CLANG_WARN_SUSPICIOUS_MOVE = YES;
				CLANG_WARN_UNGUARDED_AVAILABILITY = YES_AGGRESSIVE;
				CLANG_WARN_UNREACHABLE_CODE = YES;
				CLANG_WARN__DUPLICATE_METHOD_MATCH = YES;
				COPY_PHASE_STRIP = NO;
				DEBUG_INFORMATION_FORMAT = "dwarf-with-dsym";
				ENABLE_NS_ASSERTIONS = NO;
				ENABLE_STRICT_OBJC_MSGSEND = YES;
				GCC_C_LANGUAGE_STANDARD = gnu11;
				GCC_NO_COMMON_BLOCKS = YES;
				GCC_WARN_64_TO_32_BIT_CONVERSION = YES;
				GCC_WARN_ABOUT_RETURN_TYPE = YES_ERROR;
				GCC_WARN_UNDECLARED_SELECTOR = YES;
				GCC_WARN_UNINITIALIZED_AUTOS = YES_AGGRESSIVE;
				GCC_WARN_UNUSED_FUNCTION = YES;
				GCC_WARN_UNUSED_VARIABLE = YES;
				IPHONEOS_DEPLOYMENT_TARGET = 15.0;
				MTL_ENABLE_DEBUG_INFO = NO;
				MTL_FAST_MATH = YES;
				SDKROOT = iphoneos;
				SWIFT_COMPILATION_MODE = wholemodule;
				SWIFT_OPTIMIZATION_LEVEL = "-O";
				VALIDATE_PRODUCT = YES;
			};
			name = Release;
		};
		72A60D2E2950624000F0952D /* Debug */ = {
			isa = XCBuildConfiguration;
			buildSettings = {
				ASSETCATALOG_COMPILER_APPICON_NAME = AppIcon;
				ASSETCATALOG_COMPILER_GLOBAL_ACCENT_COLOR_NAME = AccentColor;
				CODE_SIGN_STYLE = Automatic;
				CURRENT_PROJECT_VERSION = 1;
				DEVELOPMENT_TEAM = GQJU4TVHRX;
				GENERATE_INFOPLIST_FILE = YES;
				INFOPLIST_FILE = ToastManager/Info.plist;
				INFOPLIST_KEY_UIApplicationSupportsIndirectInputEvents = YES;
				INFOPLIST_KEY_UILaunchStoryboardName = LaunchScreen;
				INFOPLIST_KEY_UIMainStoryboardFile = Main;
				INFOPLIST_KEY_UISupportedInterfaceOrientations_iPad = "UIInterfaceOrientationPortrait UIInterfaceOrientationPortraitUpsideDown UIInterfaceOrientationLandscapeLeft UIInterfaceOrientationLandscapeRight";
				INFOPLIST_KEY_UISupportedInterfaceOrientations_iPhone = "UIInterfaceOrientationPortrait UIInterfaceOrientationLandscapeLeft UIInterfaceOrientationLandscapeRight";
				LD_RUNPATH_SEARCH_PATHS = (
					"$(inherited)",
					"@executable_path/Frameworks",
				);
				MARKETING_VERSION = 1.0;
				PRODUCT_BUNDLE_IDENTIFIER = com.amebahead.ToastManager;
				PRODUCT_NAME = "$(TARGET_NAME)";
				SWIFT_EMIT_LOC_STRINGS = YES;
				SWIFT_VERSION = 5.0;
				TARGETED_DEVICE_FAMILY = "1,2";
			};
			name = Debug;
		};
		72A60D2F2950624000F0952D /* Release */ = {
			isa = XCBuildConfiguration;
			buildSettings = {
				ASSETCATALOG_COMPILER_APPICON_NAME = AppIcon;
				ASSETCATALOG_COMPILER_GLOBAL_ACCENT_COLOR_NAME = AccentColor;
				CODE_SIGN_STYLE = Automatic;
				CURRENT_PROJECT_VERSION = 1;
				DEVELOPMENT_TEAM = GQJU4TVHRX;
				GENERATE_INFOPLIST_FILE = YES;
				INFOPLIST_FILE = ToastManager/Info.plist;
				INFOPLIST_KEY_UIApplicationSupportsIndirectInputEvents = YES;
				INFOPLIST_KEY_UILaunchStoryboardName = LaunchScreen;
				INFOPLIST_KEY_UIMainStoryboardFile = Main;
				INFOPLIST_KEY_UISupportedInterfaceOrientations_iPad = "UIInterfaceOrientationPortrait UIInterfaceOrientationPortraitUpsideDown UIInterfaceOrientationLandscapeLeft UIInterfaceOrientationLandscapeRight";
				INFOPLIST_KEY_UISupportedInterfaceOrientations_iPhone = "UIInterfaceOrientationPortrait UIInterfaceOrientationLandscapeLeft UIInterfaceOrientationLandscapeRight";
				LD_RUNPATH_SEARCH_PATHS = (
					"$(inherited)",
					"@executable_path/Frameworks",
				);
				MARKETING_VERSION = 1.0;
				PRODUCT_BUNDLE_IDENTIFIER = com.amebahead.ToastManager;
				PRODUCT_NAME = "$(TARGET_NAME)";
				SWIFT_EMIT_LOC_STRINGS = YES;
				SWIFT_VERSION = 5.0;
				TARGETED_DEVICE_FAMILY = "1,2";
			};
			name = Release;
		};
/* End XCBuildConfiguration section */

/* Begin XCConfigurationList section */
		72A60D142950623F00F0952D /* Build configuration list for PBXProject "ToastManager" */ = {
			isa = XCConfigurationList;
			buildConfigurations = (
				72A60D2B2950624000F0952D /* Debug */,
				72A60D2C2950624000F0952D /* Release */,
			);
			defaultConfigurationIsVisible = 0;
			defaultConfigurationName = Release;
		};
		72A60D2D2950624000F0952D /* Build configuration list for PBXNativeTarget "ToastManager" */ = {
			isa = XCConfigurationList;
			buildConfigurations = (
				72A60D2E2950624000F0952D /* Debug */,
				72A60D2F2950624000F0952D /* Release */,
			);
			defaultConfigurationIsVisible = 0;
			defaultConfigurationName = Release;
		};
/* End XCConfigurationList section */
	};
	rootObject = 72A60D112950623F00F0952D /* Project object */;
}
